
Microsoft Visual Studio Solution File, Format Version 12.00
# Visual Studio for Mac
Project("{FAE04EC0-301F-11D3-BF4B-00C04F79EFBC}") = "Assembly-CSharp", "Assembly-CSharp.csproj", "{6A5E97E4-D1B3-F2D9-138E-A3E1096D0F2F}"
EndProject
Project("{FAE04EC0-301F-11D3-BF4B-00C04F79EFBC}") = "Assembly-CSharp-Editor", "Assembly-CSharp-Editor.csproj", "{1FFE5EA1-7CED-E6C4-2DAE-5B2A22CE9C3A}"
EndProject
Project("{FAE04EC0-301F-11D3-BF4B-00C04F79EFBC}") = "Assembly-CSharp-Editor-firstpass", "Assembly-CSharp-Editor-firstpass.csproj", "{7921A9AE-E804-2EE6-E115-FE176C639A76}"
EndProject
Global
	GlobalSection(SolutionConfigurationPlatforms) = preSolution
		Debug|Any CPU = Debug|Any CPU
		Release|Any CPU = Release|Any CPU
	EndGlobalSection
	GlobalSection(ProjectConfigurationPlatforms) = postSolution
		{6A5E97E4-D1B3-F2D9-138E-A3E1096D0F2F}.Debug|Any CPU.ActiveCfg = Debug|Any CPU
		{6A5E97E4-D1B3-F2D9-138E-A3E1096D0F2F}.Debug|Any CPU.Build.0 = Debug|Any CPU
		{6A5E97E4-D1B3-F2D9-138E-A3E1096D0F2F}.Release|Any CPU.ActiveCfg = Release|Any CPU
		{6A5E97E4-D1B3-F2D9-138E-A3E1096D0F2F}.Release|Any CPU.Build.0 = Release|Any CPU
		{1FFE5EA1-7CED-E6C4-2DAE-5B2A22CE9C3A}.Debug|Any CPU.ActiveCfg = Debug|Any CPU
		{1FFE5EA1-7CED-E6C4-2DAE-5B2A22CE9C3A}.Debug|Any CPU.Build.0 = Debug|Any CPU
		{1FFE5EA1-7CED-E6C4-2DAE-5B2A22CE9C3A}.Release|Any CPU.ActiveCfg = Release|Any CPU
		{1FFE5EA1-7CED-E6C4-2DAE-5B2A22CE9C3A}.Release|Any CPU.Build.0 = Release|Any CPU
		{7921A9AE-E804-2EE6-E115-FE176C639A76}.Debug|Any CPU.ActiveCfg = Debug|Any CPU
		{7921A9AE-E804-2EE6-E115-FE176C639A76}.Debug|Any CPU.Build.0 = Debug|Any CPU
		{7921A9AE-E804-2EE6-E115-FE176C639A76}.Release|Any CPU.ActiveCfg = Release|Any CPU
		{7921A9AE-E804-2EE6-E115-FE176C639A76}.Release|Any CPU.Build.0 = Release|Any CPU
	EndGlobalSection
	GlobalSection(SolutionProperties) = preSolution
		HideSolutionNode = FALSE
	EndGlobalSection
EndGlobal
